
Microsoft Visual Studio Solution File, Format Version 12.00
# Visual Studio Version 17
VisualStudioVersion = 17.10.35122.118
MinimumVisualStudioVersion = 10.0.40219.1
Project("{FAE04EC0-301F-11D3-BF4B-00C04F79EFBC}") = "Module 2", "Module 2\Module 2.csproj", "{1F3B3903-7D21-4451-A50F-483DAEABB50A}"
EndProject
Global
	GlobalSection(SolutionConfigurationPlatforms) = preSolution
		Debug|Any CPU = Debug|Any CPU
		Release|Any CPU = Release|Any CPU
	EndGlobalSection
	GlobalSection(ProjectConfigurationPlatforms) = postSolution
		{1F3B3903-7D21-4451-A50F-483DAEABB50A}.Debug|Any CPU.ActiveCfg = Debug|Any CPU
		{1F3B3903-7D21-4451-A50F-483DAEABB50A}.Debug|Any CPU.Build.0 = Debug|Any CPU
		{1F3B3903-7D21-4451-A50F-483DAEABB50A}.Release|Any CPU.ActiveCfg = Release|Any CPU
		{1F3B3903-7D21-4451-A50F-483DAEABB50A}.Release|Any CPU.Build.0 = Release|Any CPU
	EndGlobalSection
	GlobalSection(SolutionProperties) = preSolution
		HideSolutionNode = FALSE
	EndGlobalSection
	GlobalSection(ExtensibilityGlobals) = postSolution
		SolutionGuid = {C6DE3F2C-78E0-4FD3-8575-C4E815B15A62}
	EndGlobalSection
EndGlobal
